// !$*UTF8*$!
{
	archiveVersion = 1;
	classes = {
	};
	objectVersion = 56;
	objects = {

/* Begin PBXBuildFile section */
		3286F1A32DC4FFC90003E39A /* HomeViewController.swift in Sources */ = {isa = PBXBuildFile; fileRef = 3286F1A22DC4FFC80003E39A /* HomeViewController.swift */; };
		3286F1A52DC505110003E39A /* ExamCreateViewController.swift in Sources */ = {isa = PBXBuildFile; fileRef = 3286F1A42DC505110003E39A /* ExamCreateViewController.swift */; };
		3286F1A72DC5052C0003E39A /* ExamListViewController.swift in Sources */ = {isa = PBXBuildFile; fileRef = 3286F1A62DC5052C0003E39A /* ExamListViewController.swift */; };
		3286F1A92DC50A0C0003E39A /* Exam.swift in Sources */ = {isa = PBXBuildFile; fileRef = 3286F1A82DC50A0C0003E39A /* Exam.swift */; };
		3286F1AB2DC51ECB0003E39A /* EditExamViewController.swift in Sources */ = {isa = PBXBuildFile; fileRef = 3286F1AA2DC51ECB0003E39A /* EditExamViewController.swift */; };
		3286F1AD2DC522B50003E39A /* ExamCell.swift in Sources */ = {isa = PBXBuildFile; fileRef = 3286F1AC2DC522B50003E39A /* ExamCell.swift */; };
		A30A14E92DC4E44B0092137D /* AppDelegate.swift in Sources */ = {isa = PBXBuildFile; fileRef = A30A14E82DC4E44B0092137D /* AppDelegate.swift */; };
		A30A14EB2DC4E44B0092137D /* SceneDelegate.swift in Sources */ = {isa = PBXBuildFile; fileRef = A30A14EA2DC4E44B0092137D /* SceneDelegate.swift */; };
		A30A14F02DC4E44B0092137D /* Main.storyboard in Resources */ = {isa = PBXBuildFile; fileRef = A30A14EE2DC4E44B0092137D /* Main.storyboard */; };
		A30A14F22DC4E44D0092137D /* Assets.xcassets in Resources */ = {isa = PBXBuildFile; fileRef = A30A14F12DC4E44D0092137D /* Assets.xcassets */; };
		A30A14F52DC4E44D0092137D /* LaunchScreen.storyboard in Resources */ = {isa = PBXBuildFile; fileRef = A30A14F32DC4E44D0092137D /* LaunchScreen.storyboard */; };
/* End PBXBuildFile section */

/* Begin PBXFileReference section */
		3286F1A22DC4FFC80003E39A /* HomeViewController.swift */ = {isa = PBXFileReference; lastKnownFileType = sourcecode.swift; path = HomeViewController.swift; sourceTree = "<group>"; };
		3286F1A42DC505110003E39A /* ExamCreateViewController.swift */ = {isa = PBXFileReference; lastKnownFileType = sourcecode.swift; path = ExamCreateViewController.swift; sourceTree = "<group>"; };
		3286F1A62DC5052C0003E39A /* ExamListViewController.swift */ = {isa = PBXFileReference; lastKnownFileType = sourcecode.swift; path = ExamListViewController.swift; sourceTree = "<group>"; };
		3286F1A82DC50A0C0003E39A /* Exam.swift */ = {isa = PBXFileReference; lastKnownFileType = sourcecode.swift; path = Exam.swift; sourceTree = "<group>"; };
		3286F1AA2DC51ECB0003E39A /* EditExamViewController.swift */ = {isa = PBXFileReference; lastKnownFileType = sourcecode.swift; path = EditExamViewController.swift; sourceTree = "<group>"; };
		3286F1AC2DC522B50003E39A /* ExamCell.swift */ = {isa = PBXFileReference; lastKnownFileType = sourcecode.swift; path = ExamCell.swift; sourceTree = "<group>"; };
		A30A14E52DC4E44B0092137D /* ExamDates.app */ = {isa = PBXFileReference; explicitFileType = wrapper.application; includeInIndex = 0; path = ExamDates.app; sourceTree = BUILT_PRODUCTS_DIR; };
		A30A14E82DC4E44B0092137D /* AppDelegate.swift */ = {isa = PBXFileReference; lastKnownFileType = sourcecode.swift; path = AppDelegate.swift; sourceTree = "<group>"; };
		A30A14EA2DC4E44B0092137D /* SceneDelegate.swift */ = {isa = PBXFileReference; lastKnownFileType = sourcecode.swift; path = SceneDelegate.swift; sourceTree = "<group>"; };
		A30A14EF2DC4E44B0092137D /* Base */ = {isa = PBXFileReference; lastKnownFileType = file.storyboard; name = Base; path = Base.lproj/Main.storyboard; sourceTree = "<group>"; };
		A30A14F12DC4E44D0092137D /* Assets.xcassets */ = {isa = PBXFileReference; lastKnownFileType = folder.assetcatalog; path = Assets.xcassets; sourceTree = "<group>"; };
		A30A14F42DC4E44D0092137D /* Base */ = {isa = PBXFileReference; lastKnownFileType = file.storyboard; name = Base; path = Base.lproj/LaunchScreen.storyboard; sourceTree = "<group>"; };
		A30A14F62DC4E44D0092137D /* Info.plist */ = {isa = PBXFileReference; lastKnownFileType = text.plist.xml; path = Info.plist; sourceTree = "<group>"; };
/* End PBXFileReference section */

/* Begin PBXFrameworksBuildPhase section */
		A30A14E22DC4E44B0092137D /* Frameworks */ = {
			isa = PBXFrameworksBuildPhase;
			buildActionMask = 2147483647;
			files = (
			);
			runOnlyForDeploymentPostprocessing = 0;
		};
/* End PBXFrameworksBuildPhase section */

/* Begin PBXGroup section */
		A30A14DC2DC4E44B0092137D = {
			isa = PBXGroup;
			children = (
				A30A14E72DC4E44B0092137D /* ExamDates */,
				A30A14E62DC4E44B0092137D /* Products */,
			);
			sourceTree = "<group>";
		};
		A30A14E62DC4E44B0092137D /* Products */ = {
			isa = PBXGroup;
			children = (
				A30A14E52DC4E44B0092137D /* ExamDates.app */,
			);
			name = Products;
			sourceTree = "<group>";
		};
		A30A14E72DC4E44B0092137D /* ExamDates */ = {
			isa = PBXGroup;
			children = (
				A30A14E82DC4E44B0092137D /* AppDelegate.swift */,
				A30A14EA2DC4E44B0092137D /* SceneDelegate.swift */,
				3286F1A82DC50A0C0003E39A /* Exam.swift */,
				3286F1AC2DC522B50003E39A /* ExamCell.swift */,
				3286F1A22DC4FFC80003E39A /* HomeViewController.swift */,
				3286F1A42DC505110003E39A /* ExamCreateViewController.swift */,
				3286F1A62DC5052C0003E39A /* ExamListViewController.swift */,
				3286F1AA2DC51ECB0003E39A /* EditExamViewController.swift */,
				A30A14EE2DC4E44B0092137D /* Main.storyboard */,
				A30A14F12DC4E44D0092137D /* Assets.xcassets */,
				A30A14F32DC4E44D0092137D /* LaunchScreen.storyboard */,
				A30A14F62DC4E44D0092137D /* Info.plist */,
			);
			path = ExamDates;
			sourceTree = "<group>";
		};
/* End PBXGroup section */

/* Begin PBXNativeTarget section */
		A30A14E42DC4E44B0092137D /* ExamDates */ = {
			isa = PBXNativeTarget;
			buildConfigurationList = A30A14F92DC4E44D0092137D /* Build configuration list for PBXNativeTarget "ExamDates" */;
			buildPhases = (
				A30A14E12DC4E44B0092137D /* Sources */,
				A30A14E22DC4E44B0092137D /* Frameworks */,
				A30A14E32DC4E44B0092137D /* Resources */,
			);
			buildRules = (
			);
			dependencies = (
			);
			name = ExamDates;
			productName = ExamDates;
			productReference = A30A14E52DC4E44B0092137D /* ExamDates.app */;
			productType = "com.apple.product-type.application";
		};
/* End PBXNativeTarget section */

/* Begin PBXProject section */
		A30A14DD2DC4E44B0092137D /* Project object */ = {
			isa = PBXProject;
			attributes = {
				BuildIndependentTargetsInParallel = 1;
				LastSwiftUpdateCheck = 1420;
				LastUpgradeCheck = 1420;
				TargetAttributes = {
					A30A14E42DC4E44B0092137D = {
						CreatedOnToolsVersion = 14.2;
					};
				};
			};
			buildConfigurationList = A30A14E02DC4E44B0092137D /* Build configuration list for PBXProject "ExamDates" */;
			compatibilityVersion = "Xcode 14.0";
			developmentRegion = en;
			hasScannedForEncodings = 0;
			knownRegions = (
				en,
				Base,
			);
			mainGroup = A30A14DC2DC4E44B0092137D;
			productRefGroup = A30A14E62DC4E44B0092137D /* Products */;
			projectDirPath = "";
			projectRoot = "";
			targets = (
				A30A14E42DC4E44B0092137D /* ExamDates */,
			);
		};
/* End PBXProject section */

/* Begin PBXResourcesBuildPhase section */
		A30A14E32DC4E44B0092137D /* Resources */ = {
			isa = PBXResourcesBuildPhase;
			buildActionMask = 2147483647;
			files = (
				A30A14F52DC4E44D0092137D /* LaunchScreen.storyboard in Resources */,
				A30A14F22DC4E44D0092137D /* Assets.xcassets in Resources */,
				A30A14F02DC4E44B0092137D /* Main.storyboard in Resources */,
			);
			runOnlyForDeploymentPostprocessing = 0;
		};
/* End PBXResourcesBuildPhase section */

/* Begin PBXSourcesBuildPhase section */
		A30A14E12DC4E44B0092137D /* Sources */ = {
			isa = PBXSourcesBuildPhase;
			buildActionMask = 2147483647;
			files = (
				3286F1A92DC50A0C0003E39A /* Exam.swift in Sources */,
				A30A14E92DC4E44B0092137D /* AppDelegate.swift in Sources */,
				3286F1A52DC505110003E39A /* ExamCreateViewController.swift in Sources */,
				A30A14EB2DC4E44B0092137D /* SceneDelegate.swift in Sources */,
				3286F1AD2DC522B50003E39A /* ExamCell.swift in Sources */,
				3286F1A32DC4FFC90003E39A /* HomeViewController.swift in Sources */,
				3286F1A72DC5052C0003E39A /* ExamListViewController.swift in Sources */,
				3286F1AB2DC51ECB0003E39A /* EditExamViewController.swift in Sources */,
			);
			runOnlyForDeploymentPostprocessing = 0;
		};
/* End PBXSourcesBuildPhase section */

/* Begin PBXVariantGroup section */
		A30A14EE2DC4E44B0092137D /* Main.storyboard */ = {
			isa = PBXVariantGroup;
			children = (
				A30A14EF2DC4E44B0092137D /* Base */,
			);
			name = Main.storyboard;
			sourceTree = "<group>";
		};
		A30A14F32DC4E44D0092137D /* LaunchScreen.storyboard */ = {
			isa = PBXVariantGroup;
			children = (
				A30A14F42DC4E44D0092137D /* Base */,
			);
			name = LaunchScreen.storyboard;
			sourceTree = "<group>";
		};
/* End PBXVariantGroup section */

/* Begin XCBuildConfiguration section */
		A30A14F72DC4E44D0092137D /* Debug */ = {
			isa = XCBuildConfiguration;
			buildSettings = {
				ALWAYS_SEARCH_USER_PATHS = NO;
				CLANG_ANALYZER_NONNULL = YES;
				CLANG_ANALYZER_NUMBER_OBJECT_CONVERSION = YES_AGGRESSIVE;
				CLANG_CXX_LANGUAGE_STANDARD = "gnu++20";
				CLANG_ENABLE_MODULES = YES;
				CLANG_ENABLE_OBJC_ARC = YES;
				CLANG_ENABLE_OBJC_WEAK = YES;
				CLANG_WARN_BLOCK_CAPTURE_AUTORELEASING = YES;
				CLANG_WARN_BOOL_CONVERSION = YES;
				CLANG_WARN_COMMA = YES;
				CLANG_WARN_CONSTANT_CONVERSION = YES;
				CLANG_WARN_DEPRECATED_OBJC_IMPLEMENTATIONS = YES;
				CLANG_WARN_DIRECT_OBJC_ISA_USAGE = YES_ERROR;
				CLANG_WARN_DOCUMENTATION_COMMENTS = YES;
				CLANG_WARN_EMPTY_BODY = YES;
				CLANG_WARN_ENUM_CONVERSION = YES;
				CLANG_WARN_INFINITE_RECURSION = YES;
				CLANG_WARN_INT_CONVERSION = YES;
				CLANG_WARN_NON_LITERAL_NULL_CONVERSION = YES;
				CLANG_WARN_OBJC_IMPLICIT_RETAIN_SELF = YES;
				CLANG_WARN_OBJC_LITERAL_CONVERSION = YES;
				CLANG_WARN_OBJC_ROOT_CLASS = YES_ERROR;
				CLANG_WARN_QUOTED_INCLUDE_IN_FRAMEWORK_HEADER = YES;
				CLANG_WARN_RANGE_LOOP_ANALYSIS = YES;
				CLANG_WARN_STRICT_PROTOTYPES = YES;
				CLANG_WARN_SUSPICIOUS_MOVE = YES;
				CLANG_WARN_UNGUARDED_AVAILABILITY = YES_AGGRESSIVE;
				CLANG_WARN_UNREACHABLE_CODE = YES;
				CLANG_WARN__DUPLICATE_METHOD_MATCH = YES;
				COPY_PHASE_STRIP = NO;
				DEBUG_INFORMATION_FORMAT = dwarf;
				ENABLE_STRICT_OBJC_MSGSEND = YES;
				ENABLE_TESTABILITY = YES;
				GCC_C_LANGUAGE_STANDARD = gnu11;
				GCC_DYNAMIC_NO_PIC = NO;
				GCC_NO_COMMON_BLOCKS = YES;
				GCC_OPTIMIZATION_LEVEL = 0;
				GCC_PREPROCESSOR_DEFINITIONS = (
					"DEBUG=1",
					"$(inherited)",
				);
				GCC_WARN_64_TO_32_BIT_CONVERSION = YES;
				GCC_WARN_ABOUT_RETURN_TYPE = YES_ERROR;
				GCC_WARN_UNDECLARED_SELECTOR = YES;
				GCC_WARN_UNINITIALIZED_AUTOS = YES_AGGRESSIVE;
				GCC_WARN_UNUSED_FUNCTION = YES;
				GCC_WARN_UNUSED_VARIABLE = YES;
				IPHONEOS_DEPLOYMENT_TARGET = 16.2;
				MTL_ENABLE_DEBUG_INFO = INCLUDE_SOURCE;
				MTL_FAST_MATH = YES;
				ONLY_ACTIVE_ARCH = YES;
				SDKROOT = iphoneos;
				SWIFT_ACTIVE_COMPILATION_CONDITIONS = DEBUG;
				SWIFT_OPTIMIZATION_LEVEL = "-Onone";
			};
			name = Debug;
		};
		A30A14F82DC4E44D0092137D /* Release */ = {
			isa = XCBuildConfiguration;
			buildSettings = {
				ALWAYS_SEARCH_USER_PATHS = NO;
				CLANG_ANALYZER_NONNULL = YES;
				CLANG_ANALYZER_NUMBER_OBJECT_CONVERSION = YES_AGGRESSIVE;
				CLANG_CXX_LANGUAGE_STANDARD = "gnu++20";
				CLANG_ENABLE_MODULES = YES;
				CLANG_ENABLE_OBJC_ARC = YES;
				CLANG_ENABLE_OBJC_WEAK = YES;
				CLANG_WARN_BLOCK_CAPTURE_AUTORELEASING = YES;
				CLANG_WARN_BOOL_CONVERSION = YES;
				CLANG_WARN_COMMA = YES;
				CLANG_WARN_CONSTANT_CONVERSION = YES;
				CLANG_WARN_DEPRECATED_OBJC_IMPLEMENTATIONS = YES;
				CLANG_WARN_DIRECT_OBJC_ISA_USAGE = YES_ERROR;
				CLANG_WARN_DOCUMENTATION_COMMENTS = YES;
				CLANG_WARN_EMPTY_BODY = YES;
				CLANG_WARN_ENUM_CONVERSION = YES;
				CLANG_WARN_INFINITE_RECURSION = YES;
				CLANG_WARN_INT_CONVERSION = YES;
				CLANG_WARN_NON_LITERAL_NULL_CONVERSION = YES;
				CLANG_WARN_OBJC_IMPLICIT_RETAIN_SELF = YES;
				CLANG_WARN_OBJC_LITERAL_CONVERSION = YES;
				CLANG_WARN_OBJC_ROOT_CLASS = YES_ERROR;
				CLANG_WARN_QUOTED_INCLUDE_IN_FRAMEWORK_HEADER = YES;
				CLANG_WARN_RANGE_LOOP_ANALYSIS = YES;
				CLANG_WARN_STRICT_PROTOTYPES = YES;
				CLANG_WARN_SUSPICIOUS_MOVE = YES;
				CLANG_WARN_UNGUARDED_AVAILABILITY = YES_AGGRESSIVE;
				CLANG_WARN_UNREACHABLE_CODE = YES;
				CLANG_WARN__DUPLICATE_METHOD_MATCH = YES;
				COPY_PHASE_STRIP = NO;
				DEBUG_INFORMATION_FORMAT = "dwarf-with-dsym";
				ENABLE_NS_ASSERTIONS = NO;
				ENABLE_STRICT_OBJC_MSGSEND = YES;
				GCC_C_LANGUAGE_STANDARD = gnu11;
				GCC_NO_COMMON_BLOCKS = YES;
				GCC_WARN_64_TO_32_BIT_CONVERSION = YES;
				GCC_WARN_ABOUT_RETURN_TYPE = YES_ERROR;
				GCC_WARN_UNDECLARED_SELECTOR = YES;
				GCC_WARN_UNINITIALIZED_AUTOS = YES_AGGRESSIVE;
				GCC_WARN_UNUSED_FUNCTION = YES;
				GCC_WARN_UNUSED_VARIABLE = YES;
				IPHONEOS_DEPLOYMENT_TARGET = 16.2;
				MTL_ENABLE_DEBUG_INFO = NO;
				MTL_FAST_MATH = YES;
				SDKROOT = iphoneos;
				SWIFT_COMPILATION_MODE = wholemodule;
				SWIFT_OPTIMIZATION_LEVEL = "-O";
				VALIDATE_PRODUCT = YES;
			};
			name = Release;
		};
		A30A14FA2DC4E44D0092137D /* Debug */ = {
			isa = XCBuildConfiguration;
			buildSettings = {
				ASSETCATALOG_COMPILER_APPICON_NAME = AppIcon;
				ASSETCATALOG_COMPILER_GLOBAL_ACCENT_COLOR_NAME = AccentColor;
				CODE_SIGN_STYLE = Automatic;
				CURRENT_PROJECT_VERSION = 1;
				GENERATE_INFOPLIST_FILE = YES;
				INFOPLIST_FILE = ExamDates/Info.plist;
				INFOPLIST_KEY_UIApplicationSupportsIndirectInputEvents = YES;
				INFOPLIST_KEY_UILaunchStoryboardName = LaunchScreen;
				INFOPLIST_KEY_UIMainStoryboardFile = Main;
				INFOPLIST_KEY_UISupportedInterfaceOrientations_iPad = "UIInterfaceOrientationPortrait UIInterfaceOrientationPortraitUpsideDown UIInterfaceOrientationLandscapeLeft UIInterfaceOrientationLandscapeRight";
				INFOPLIST_KEY_UISupportedInterfaceOrientations_iPhone = "UIInterfaceOrientationPortrait UIInterfaceOrientationLandscapeLeft UIInterfaceOrientationLandscapeRight";
				LD_RUNPATH_SEARCH_PATHS = (
					"$(inherited)",
					"@executable_path/Frameworks",
				);
				MARKETING_VERSION = 1.0;
				PRODUCT_BUNDLE_IDENTIFIER = com.deneee.ExamDates;
				PRODUCT_NAME = "$(TARGET_NAME)";
				SWIFT_EMIT_LOC_STRINGS = YES;
				SWIFT_VERSION = 5.0;
				TARGETED_DEVICE_FAMILY = "1,2";
			};
			name = Debug;
		};
		A30A14FB2DC4E44D0092137D /* Release */ = {
			isa = XCBuildConfiguration;
			buildSettings = {
				ASSETCATALOG_COMPILER_APPICON_NAME = AppIcon;
				ASSETCATALOG_COMPILER_GLOBAL_ACCENT_COLOR_NAME = AccentColor;
				CODE_SIGN_STYLE = Automatic;
				CURRENT_PROJECT_VERSION = 1;
				GENERATE_INFOPLIST_FILE = YES;
				INFOPLIST_FILE = ExamDates/Info.plist;
				INFOPLIST_KEY_UIApplicationSupportsIndirectInputEvents = YES;
				INFOPLIST_KEY_UILaunchStoryboardName = LaunchScreen;
				INFOPLIST_KEY_UIMainStoryboardFile = Main;
				INFOPLIST_KEY_UISupportedInterfaceOrientations_iPad = "UIInterfaceOrientationPortrait UIInterfaceOrientationPortraitUpsideDown UIInterfaceOrientationLandscapeLeft UIInterfaceOrientationLandscapeRight";
				INFOPLIST_KEY_UISupportedInterfaceOrientations_iPhone = "UIInterfaceOrientationPortrait UIInterfaceOrientationLandscapeLeft UIInterfaceOrientationLandscapeRight";
				LD_RUNPATH_SEARCH_PATHS = (
					"$(inherited)",
					"@executable_path/Frameworks",
				);
				MARKETING_VERSION = 1.0;
				PRODUCT_BUNDLE_IDENTIFIER = com.deneee.ExamDates;
				PRODUCT_NAME = "$(TARGET_NAME)";
				SWIFT_EMIT_LOC_STRINGS = YES;
				SWIFT_VERSION = 5.0;
				TARGETED_DEVICE_FAMILY = "1,2";
			};
			name = Release;
		};
/* End XCBuildConfiguration section */

/* Begin XCConfigurationList section */
		A30A14E02DC4E44B0092137D /* Build configuration list for PBXProject "ExamDates" */ = {
			isa = XCConfigurationList;
			buildConfigurations = (
				A30A14F72DC4E44D0092137D /* Debug */,
				A30A14F82DC4E44D0092137D /* Release */,
			);
			defaultConfigurationIsVisible = 0;
			defaultConfigurationName = Release;
		};
		A30A14F92DC4E44D0092137D /* Build configuration list for PBXNativeTarget "ExamDates" */ = {
			isa = XCConfigurationList;
			buildConfigurations = (
				A30A14FA2DC4E44D0092137D /* Debug */,
				A30A14FB2DC4E44D0092137D /* Release */,
			);
			defaultConfigurationIsVisible = 0;
			defaultConfigurationName = Release;
		};
/* End XCConfigurationList section */
	};
	rootObject = A30A14DD2DC4E44B0092137D /* Project object */;
}
